
Microsoft Visual Studio Solution File, Format Version 12.00
# Visual Studio Version 16
VisualStudioVersion = 16.0.33027.164
MinimumVisualStudioVersion = 10.0.40219.1
Project("{FAE04EC0-301F-11D3-BF4B-00C04F79EFBC}") = "eqshopping", "eqshopping\eqshopping.csproj", "{B501745C-333E-4887-9C80-ADE7CF4CE613}"
EndProject
Global
	GlobalSection(SolutionConfigurationPlatforms) = preSolution
		Debug|Any CPU = Debug|Any CPU
		Release|Any CPU = Release|Any CPU
	EndGlobalSection
	GlobalSection(ProjectConfigurationPlatforms) = postSolution
		{B501745C-333E-4887-9C80-ADE7CF4CE613}.Debug|Any CPU.ActiveCfg = Debug|Any CPU
		{B501745C-333E-4887-9C80-ADE7CF4CE613}.Debug|Any CPU.Build.0 = Debug|Any CPU
		{B501745C-333E-4887-9C80-ADE7CF4CE613}.Release|Any CPU.ActiveCfg = Release|Any CPU
		{B501745C-333E-4887-9C80-ADE7CF4CE613}.Release|Any CPU.Build.0 = Release|Any CPU
	EndGlobalSection
	GlobalSection(SolutionProperties) = preSolution
		HideSolutionNode = FALSE
	EndGlobalSection
	GlobalSection(ExtensibilityGlobals) = postSolution
		SolutionGuid = {8F86699D-7DB1-44DD-9517-9BF3FE81ACA2}
	EndGlobalSection
EndGlobal
